
Microsoft Visual Studio Solution File, Format Version 12.00
# Visual Studio Version 17
VisualStudioVersion = 17.0.31717.71
MinimumVisualStudioVersion = 10.0.40219.1
Project("{FAE04EC0-301F-11D3-BF4B-00C04F79EFBC}") = "GameServerMock", "src\GameServerMock\GameServerMock.csproj", "{56CD8E6C-5B36-41D1-912D-AE1B5580EE07}"
EndProject
Project("{FAE04EC0-301F-11D3-BF4B-00C04F79EFBC}") = "EventIngestor", "src\EventIngestor\EventIngestor\EventIngestor.csproj", "{00D62DA9-FAAB-48E2-ACBE-11A39C2FEAFF}"
EndProject
Global
	GlobalSection(SolutionConfigurationPlatforms) = preSolution
		Debug|Any CPU = Debug|Any CPU
		Release|Any CPU = Release|Any CPU
	EndGlobalSection
	GlobalSection(ProjectConfigurationPlatforms) = postSolution
		{56CD8E6C-5B36-41D1-912D-AE1B5580EE07}.Debug|Any CPU.ActiveCfg = Debug|Any CPU
		{56CD8E6C-5B36-41D1-912D-AE1B5580EE07}.Debug|Any CPU.Build.0 = Debug|Any CPU
		{56CD8E6C-5B36-41D1-912D-AE1B5580EE07}.Release|Any CPU.ActiveCfg = Release|Any CPU
		{56CD8E6C-5B36-41D1-912D-AE1B5580EE07}.Release|Any CPU.Build.0 = Release|Any CPU
		{00D62DA9-FAAB-48E2-ACBE-11A39C2FEAFF}.Debug|Any CPU.ActiveCfg = Debug|Any CPU
		{00D62DA9-FAAB-48E2-ACBE-11A39C2FEAFF}.Debug|Any CPU.Build.0 = Debug|Any CPU
		{00D62DA9-FAAB-48E2-ACBE-11A39C2FEAFF}.Release|Any CPU.ActiveCfg = Release|Any CPU
		{00D62DA9-FAAB-48E2-ACBE-11A39C2FEAFF}.Release|Any CPU.Build.0 = Release|Any CPU
	EndGlobalSection
	GlobalSection(SolutionProperties) = preSolution
		HideSolutionNode = FALSE
	EndGlobalSection
	GlobalSection(ExtensibilityGlobals) = postSolution
		SolutionGuid = {79F25DC7-C7BB-4665-9F88-FBC75E7E2998}
	EndGlobalSection
EndGlobal
